
Microsoft Visual Studio Solution File, Format Version 12.00
# Visual Studio Version 17
VisualStudioVersion = 17.11.35327.3
MinimumVisualStudioVersion = 10.0.40219.1
Project("{9A19103F-16F7-4668-BE54-9A1E7A4F7556}") = "InvotickAPIS", "InvotickAPIS\InvotickAPIS.csproj", "{343E3392-026E-43E8-8C26-57E92FE5654D}"
EndProject
Project("{FAE04EC0-301F-11D3-BF4B-00C04F79EFBC}") = "InvotickAPI.Domain", "InvotickAPI.Domain\InvotickAPI.Domain.csproj", "{47A06753-F7BB-4370-8A78-583F2ACD4A16}"
EndProject
Project("{FAE04EC0-301F-11D3-BF4B-00C04F79EFBC}") = "InvotickAPIS.Application", "InvotickAPIS.Application\InvotickAPIS.Application.csproj", "{21709B26-6CA1-42E6-A31C-8CF8C5F82F00}"
EndProject
Project("{FAE04EC0-301F-11D3-BF4B-00C04F79EFBC}") = "InvotickAPIS.Infrastructure", "InvotickAPIS.Infrastructure\InvotickAPIS.Infrastructure.csproj", "{DD02CED9-1281-4FBA-A664-5E9414E969AF}"
EndProject
Global
	GlobalSection(SolutionConfigurationPlatforms) = preSolution
		Debug|Any CPU = Debug|Any CPU
		Release|Any CPU = Release|Any CPU
	EndGlobalSection
	GlobalSection(ProjectConfigurationPlatforms) = postSolution
		{343E3392-026E-43E8-8C26-57E92FE5654D}.Debug|Any CPU.ActiveCfg = Debug|Any CPU
		{343E3392-026E-43E8-8C26-57E92FE5654D}.Debug|Any CPU.Build.0 = Debug|Any CPU
		{343E3392-026E-43E8-8C26-57E92FE5654D}.Release|Any CPU.ActiveCfg = Release|Any CPU
		{343E3392-026E-43E8-8C26-57E92FE5654D}.Release|Any CPU.Build.0 = Release|Any CPU
		{47A06753-F7BB-4370-8A78-583F2ACD4A16}.Debug|Any CPU.ActiveCfg = Debug|Any CPU
		{47A06753-F7BB-4370-8A78-583F2ACD4A16}.Debug|Any CPU.Build.0 = Debug|Any CPU
		{47A06753-F7BB-4370-8A78-583F2ACD4A16}.Release|Any CPU.ActiveCfg = Release|Any CPU
		{47A06753-F7BB-4370-8A78-583F2ACD4A16}.Release|Any CPU.Build.0 = Release|Any CPU
		{21709B26-6CA1-42E6-A31C-8CF8C5F82F00}.Debug|Any CPU.ActiveCfg = Debug|Any CPU
		{21709B26-6CA1-42E6-A31C-8CF8C5F82F00}.Debug|Any CPU.Build.0 = Debug|Any CPU
		{21709B26-6CA1-42E6-A31C-8CF8C5F82F00}.Release|Any CPU.ActiveCfg = Release|Any CPU
		{21709B26-6CA1-42E6-A31C-8CF8C5F82F00}.Release|Any CPU.Build.0 = Release|Any CPU
		{DD02CED9-1281-4FBA-A664-5E9414E969AF}.Debug|Any CPU.ActiveCfg = Debug|Any CPU
		{DD02CED9-1281-4FBA-A664-5E9414E969AF}.Debug|Any CPU.Build.0 = Debug|Any CPU
		{DD02CED9-1281-4FBA-A664-5E9414E969AF}.Release|Any CPU.ActiveCfg = Release|Any CPU
		{DD02CED9-1281-4FBA-A664-5E9414E969AF}.Release|Any CPU.Build.0 = Release|Any CPU
	EndGlobalSection
	GlobalSection(SolutionProperties) = preSolution
		HideSolutionNode = FALSE
	EndGlobalSection
	GlobalSection(ExtensibilityGlobals) = postSolution
		SolutionGuid = {C483BE56-8502-466B-8745-5C84CEFFBB16}
	EndGlobalSection
EndGlobal
